
Microsoft Visual Studio Solution File, Format Version 12.00
# Visual Studio 2015
Project("{FAE04EC0-301F-11D3-BF4B-00C04F79EFBC}") = "Mind-Wave.CSharp", "Mind-Wave.CSharp.csproj", "{467B2303-D84B-7F13-3F45-6BFD74916093}"
EndProject
Global
	GlobalSection(SolutionConfigurationPlatforms) = preSolution
		Debug|Any CPU = Debug|Any CPU
		Release|Any CPU = Release|Any CPU
	EndGlobalSection
	GlobalSection(ProjectConfigurationPlatforms) = postSolution
		{467B2303-D84B-7F13-3F45-6BFD74916093}.Debug|Any CPU.ActiveCfg = Debug|Any CPU
		{467B2303-D84B-7F13-3F45-6BFD74916093}.Debug|Any CPU.Build.0 = Debug|Any CPU
		{467B2303-D84B-7F13-3F45-6BFD74916093}.Release|Any CPU.ActiveCfg = Release|Any CPU
		{467B2303-D84B-7F13-3F45-6BFD74916093}.Release|Any CPU.Build.0 = Release|Any CPU
	EndGlobalSection
	GlobalSection(SolutionProperties) = preSolution
		HideSolutionNode = FALSE
	EndGlobalSection
EndGlobal
